
Microsoft Visual Studio Solution File, Format Version 12.00
# Visual Studio 2012
Project("{FAE04EC0-301F-11D3-BF4B-00C04F79EFBC}") = "Edokan.KaiZen.Colors", "Edokan.KaiZen.Colors\Edokan.KaiZen.Colors.csproj", "{C2D0F0A1-8C30-4E89-BB61-EB2F88C5C5E5}"
EndProject
Project("{FAE04EC0-301F-11D3-BF4B-00C04F79EFBC}") = "Edokan.KaiZen.Colors.Demo", "Edokan.KaiZen.Colors.Demo\Edokan.KaiZen.Colors.Demo.csproj", "{C9E990AC-EB21-4005-AD74-B52803C3EC2B}"
EndProject
Global
	GlobalSection(SolutionConfigurationPlatforms) = preSolution
		Debug|Any CPU = Debug|Any CPU
		Release|Any CPU = Release|Any CPU
	EndGlobalSection
	GlobalSection(ProjectConfigurationPlatforms) = postSolution
		{C2D0F0A1-8C30-4E89-BB61-EB2F88C5C5E5}.Debug|Any CPU.ActiveCfg = Debug|Any CPU
		{C2D0F0A1-8C30-4E89-BB61-EB2F88C5C5E5}.Debug|Any CPU.Build.0 = Debug|Any CPU
		{C2D0F0A1-8C30-4E89-BB61-EB2F88C5C5E5}.Release|Any CPU.ActiveCfg = Release|Any CPU
		{C2D0F0A1-8C30-4E89-BB61-EB2F88C5C5E5}.Release|Any CPU.Build.0 = Release|Any CPU
		{C9E990AC-EB21-4005-AD74-B52803C3EC2B}.Debug|Any CPU.ActiveCfg = Debug|Any CPU
		{C9E990AC-EB21-4005-AD74-B52803C3EC2B}.Debug|Any CPU.Build.0 = Debug|Any CPU
		{C9E990AC-EB21-4005-AD74-B52803C3EC2B}.Release|Any CPU.ActiveCfg = Release|Any CPU
		{C9E990AC-EB21-4005-AD74-B52803C3EC2B}.Release|Any CPU.Build.0 = Release|Any CPU
	EndGlobalSection
	GlobalSection(SolutionProperties) = preSolution
		HideSolutionNode = FALSE
	EndGlobalSection
EndGlobal
